
Microsoft Visual Studio Solution File, Format Version 12.00
# Visual Studio Version 16
VisualStudioVersion = 16.0.31005.135
MinimumVisualStudioVersion = 10.0.40219.1
Project("{FAE04EC0-301F-11D3-BF4B-00C04F79EFBC}") = "ItalikaWebSite", "ItalikaWebSite.csproj", "{93E5790A-29F0-4460-B566-B5ADB16C1323}"
EndProject
Global
	GlobalSection(SolutionConfigurationPlatforms) = preSolution
		Debug|Any CPU = Debug|Any CPU
		Release|Any CPU = Release|Any CPU
	EndGlobalSection
	GlobalSection(ProjectConfigurationPlatforms) = postSolution
		{93E5790A-29F0-4460-B566-B5ADB16C1323}.Debug|Any CPU.ActiveCfg = Debug|Any CPU
		{93E5790A-29F0-4460-B566-B5ADB16C1323}.Debug|Any CPU.Build.0 = Debug|Any CPU
		{93E5790A-29F0-4460-B566-B5ADB16C1323}.Release|Any CPU.ActiveCfg = Release|Any CPU
		{93E5790A-29F0-4460-B566-B5ADB16C1323}.Release|Any CPU.Build.0 = Release|Any CPU
	EndGlobalSection
	GlobalSection(SolutionProperties) = preSolution
		HideSolutionNode = FALSE
	EndGlobalSection
	GlobalSection(ExtensibilityGlobals) = postSolution
		SolutionGuid = {D811D9DD-F87C-4FD1-B1B1-20E9ED843E02}
	EndGlobalSection
EndGlobal
